
Microsoft Visual Studio Solution File, Format Version 12.00
# Visual Studio Version 17
VisualStudioVersion = 17.6.33712.159
MinimumVisualStudioVersion = 10.0.40219.1
Project("{FAE04EC0-301F-11D3-BF4B-00C04F79EFBC}") = "Palindrom", "Palindrom.csproj", "{8CD9CD85-258D-46EE-A596-657B8763A1F9}"
EndProject
Global
	GlobalSection(SolutionConfigurationPlatforms) = preSolution
		Debug|Any CPU = Debug|Any CPU
		Release|Any CPU = Release|Any CPU
	EndGlobalSection
	GlobalSection(ProjectConfigurationPlatforms) = postSolution
		{8CD9CD85-258D-46EE-A596-657B8763A1F9}.Debug|Any CPU.ActiveCfg = Debug|Any CPU
		{8CD9CD85-258D-46EE-A596-657B8763A1F9}.Debug|Any CPU.Build.0 = Debug|Any CPU
		{8CD9CD85-258D-46EE-A596-657B8763A1F9}.Release|Any CPU.ActiveCfg = Release|Any CPU
		{8CD9CD85-258D-46EE-A596-657B8763A1F9}.Release|Any CPU.Build.0 = Release|Any CPU
	EndGlobalSection
	GlobalSection(SolutionProperties) = preSolution
		HideSolutionNode = FALSE
	EndGlobalSection
	GlobalSection(ExtensibilityGlobals) = postSolution
		SolutionGuid = {E9C0DF2A-8787-4CB2-9645-922AD5FA6527}
	EndGlobalSection
EndGlobal
